
Microsoft Visual Studio Solution File, Format Version 12.00
Project("{FAE04EC0-301F-11D3-BF4B-00C04F79EFBC}") = "OmniRiskAPI", "OmniRiskAPI.csproj", "{77FC17B1-44A4-4E9A-B884-227DF0FA60CD}"
EndProject
Global
	GlobalSection(SolutionConfigurationPlatforms) = preSolution
		Debug|Any CPU = Debug|Any CPU
		Release|Any CPU = Release|Any CPU
	EndGlobalSection
	GlobalSection(ProjectConfigurationPlatforms) = postSolution
		{77FC17B1-44A4-4E9A-B884-227DF0FA60CD}.Debug|Any CPU.ActiveCfg = Debug|Any CPU
		{77FC17B1-44A4-4E9A-B884-227DF0FA60CD}.Debug|Any CPU.Build.0 = Debug|Any CPU
		{77FC17B1-44A4-4E9A-B884-227DF0FA60CD}.Release|Any CPU.ActiveCfg = Release|Any CPU
		{77FC17B1-44A4-4E9A-B884-227DF0FA60CD}.Release|Any CPU.Build.0 = Release|Any CPU
	EndGlobalSection
EndGlobal
